// !$*UTF8*$!
{
	archiveVersion = 1;
	classes = {
	};
	objectVersion = 46;
	objects = {

/* Begin PBXBuildFile section */
		6468A9671EF3165A00EB6D02 /* main.m in Sources */ = {isa = PBXBuildFile; fileRef = 6468A9661EF3165A00EB6D02 /* main.m */; };
		6468A96A1EF3165A00EB6D02 /* AppDelegate.m in Sources */ = {isa = PBXBuildFile; fileRef = 6468A9691EF3165A00EB6D02 /* AppDelegate.m */; };
		6468A96D1EF3165A00EB6D02 /* ViewController.m in Sources */ = {isa = PBXBuildFile; fileRef = 6468A96C1EF3165A00EB6D02 /* ViewController.m */; };
		6468A9701EF3165A00EB6D02 /* Main.storyboard in Resources */ = {isa = PBXBuildFile; fileRef = 6468A96E1EF3165A00EB6D02 /* Main.storyboard */; };
		6468A9721EF3165A00EB6D02 /* Assets.xcassets in Resources */ = {isa = PBXBuildFile; fileRef = 6468A9711EF3165A00EB6D02 /* Assets.xcassets */; };
		6468A9751EF3165A00EB6D02 /* LaunchScreen.storyboard in Resources */ = {isa = PBXBuildFile; fileRef = 6468A9731EF3165A00EB6D02 /* LaunchScreen.storyboard */; };
		6468A9821EF320D800EB6D02 /* RCStandardCell.m in Sources */ = {isa = PBXBuildFile; fileRef = 6468A9801EF320D800EB6D02 /* RCStandardCell.m */; };
		6468A9831EF320D800EB6D02 /* RCStandardCell.xib in Resources */ = {isa = PBXBuildFile; fileRef = 6468A9811EF320D800EB6D02 /* RCStandardCell.xib */; };
/* End PBXBuildFile section */

/* Begin PBXFileReference section */
		6468A9621EF3165A00EB6D02 /* RCTestProject.app */ = {isa = PBXFileReference; explicitFileType = wrapper.application; includeInIndex = 0; path = RCTestProject.app; sourceTree = BUILT_PRODUCTS_DIR; };
		6468A9661EF3165A00EB6D02 /* main.m */ = {isa = PBXFileReference; lastKnownFileType = sourcecode.c.objc; path = main.m; sourceTree = "<group>"; };
		6468A9681EF3165A00EB6D02 /* AppDelegate.h */ = {isa = PBXFileReference; lastKnownFileType = sourcecode.c.h; path = AppDelegate.h; sourceTree = "<group>"; };
		6468A9691EF3165A00EB6D02 /* AppDelegate.m */ = {isa = PBXFileReference; lastKnownFileType = sourcecode.c.objc; path = AppDelegate.m; sourceTree = "<group>"; };
		6468A96B1EF3165A00EB6D02 /* ViewController.h */ = {isa = PBXFileReference; lastKnownFileType = sourcecode.c.h; path = ViewController.h; sourceTree = "<group>"; };
		6468A96C1EF3165A00EB6D02 /* ViewController.m */ = {isa = PBXFileReference; lastKnownFileType = sourcecode.c.objc; path = ViewController.m; sourceTree = "<group>"; };
		6468A96F1EF3165A00EB6D02 /* Base */ = {isa = PBXFileReference; lastKnownFileType = file.storyboard; name = Base; path = Base.lproj/Main.storyboard; sourceTree = "<group>"; };
		6468A9711EF3165A00EB6D02 /* Assets.xcassets */ = {isa = PBXFileReference; lastKnownFileType = folder.assetcatalog; path = Assets.xcassets; sourceTree = "<group>"; };
		6468A9741EF3165A00EB6D02 /* Base */ = {isa = PBXFileReference; lastKnownFileType = file.storyboard; name = Base; path = Base.lproj/LaunchScreen.storyboard; sourceTree = "<group>"; };
		6468A9761EF3165A00EB6D02 /* Info.plist */ = {isa = PBXFileReference; lastKnownFileType = text.plist.xml; path = Info.plist; sourceTree = "<group>"; };
		6468A97F1EF320D800EB6D02 /* RCStandardCell.h */ = {isa = PBXFileReference; fileEncoding = 4; lastKnownFileType = sourcecode.c.h; path = RCStandardCell.h; sourceTree = "<group>"; };
		6468A9801EF320D800EB6D02 /* RCStandardCell.m */ = {isa = PBXFileReference; fileEncoding = 4; lastKnownFileType = sourcecode.c.objc; path = RCStandardCell.m; sourceTree = "<group>"; };
		6468A9811EF320D800EB6D02 /* RCStandardCell.xib */ = {isa = PBXFileReference; fileEncoding = 4; lastKnownFileType = file.xib; path = RCStandardCell.xib; sourceTree = "<group>"; };
/* End PBXFileReference section */

/* Begin PBXFrameworksBuildPhase section */
		6468A95F1EF3165A00EB6D02 /* Frameworks */ = {
			isa = PBXFrameworksBuildPhase;
			buildActionMask = 2147483647;
			files = (
			);
			runOnlyForDeploymentPostprocessing = 0;
		};
/* End PBXFrameworksBuildPhase section */

/* Begin PBXGroup section */
		6468A9591EF3165A00EB6D02 = {
			isa = PBXGroup;
			children = (
				6468A9641EF3165A00EB6D02 /* RCTestProject */,
				6468A9631EF3165A00EB6D02 /* Products */,
			);
			sourceTree = "<group>";
		};
		6468A9631EF3165A00EB6D02 /* Products */ = {
			isa = PBXGroup;
			children = (
				6468A9621EF3165A00EB6D02 /* RCTestProject.app */,
			);
			name = Products;
			sourceTree = "<group>";
		};
		6468A9641EF3165A00EB6D02 /* RCTestProject */ = {
			isa = PBXGroup;
			children = (
				6468A9681EF3165A00EB6D02 /* AppDelegate.h */,
				6468A9691EF3165A00EB6D02 /* AppDelegate.m */,
				6468A96B1EF3165A00EB6D02 /* ViewController.h */,
				6468A96C1EF3165A00EB6D02 /* ViewController.m */,
				6468A97F1EF320D800EB6D02 /* RCStandardCell.h */,
				6468A9801EF320D800EB6D02 /* RCStandardCell.m */,
				6468A9811EF320D800EB6D02 /* RCStandardCell.xib */,
				6468A96E1EF3165A00EB6D02 /* Main.storyboard */,
				6468A9711EF3165A00EB6D02 /* Assets.xcassets */,
				6468A9731EF3165A00EB6D02 /* LaunchScreen.storyboard */,
				6468A9761EF3165A00EB6D02 /* Info.plist */,
				6468A9651EF3165A00EB6D02 /* Supporting Files */,
			);
			path = RCTestProject;
			sourceTree = "<group>";
		};
		6468A9651EF3165A00EB6D02 /* Supporting Files */ = {
			isa = PBXGroup;
			children = (
				6468A9661EF3165A00EB6D02 /* main.m */,
			);
			name = "Supporting Files";
			sourceTree = "<group>";
		};
/* End PBXGroup section */

/* Begin PBXNativeTarget section */
		6468A9611EF3165A00EB6D02 /* RCTestProject */ = {
			isa = PBXNativeTarget;
			buildConfigurationList = 6468A9791EF3165A00EB6D02 /* Build configuration list for PBXNativeTarget "RCTestProject" */;
			buildPhases = (
				6468A95E1EF3165A00EB6D02 /* Sources */,
				6468A95F1EF3165A00EB6D02 /* Frameworks */,
				6468A9601EF3165A00EB6D02 /* Resources */,
			);
			buildRules = (
			);
			dependencies = (
			);
			name = RCTestProject;
			productName = RCTestProject;
			productReference = 6468A9621EF3165A00EB6D02 /* RCTestProject.app */;
			productType = "com.apple.product-type.application";
		};
/* End PBXNativeTarget section */

/* Begin PBXProject section */
		6468A95A1EF3165A00EB6D02 /* Project object */ = {
			isa = PBXProject;
			attributes = {
				LastUpgradeCheck = 0830;
				ORGANIZATIONNAME = cubik;
				TargetAttributes = {
					6468A9611EF3165A00EB6D02 = {
						CreatedOnToolsVersion = 8.3.2;
						ProvisioningStyle = Automatic;
					};
				};
			};
			buildConfigurationList = 6468A95D1EF3165A00EB6D02 /* Build configuration list for PBXProject "RCTestProject" */;
			compatibilityVersion = "Xcode 3.2";
			developmentRegion = English;
			hasScannedForEncodings = 0;
			knownRegions = (
				en,
				Base,
			);
			mainGroup = 6468A9591EF3165A00EB6D02;
			productRefGroup = 6468A9631EF3165A00EB6D02 /* Products */;
			projectDirPath = "";
			projectRoot = "";
			targets = (
				6468A9611EF3165A00EB6D02 /* RCTestProject */,
			);
		};
/* End PBXProject section */

/* Begin PBXResourcesBuildPhase section */
		6468A9601EF3165A00EB6D02 /* Resources */ = {
			isa = PBXResourcesBuildPhase;
			buildActionMask = 2147483647;
			files = (
				6468A9751EF3165A00EB6D02 /* LaunchScreen.storyboard in Resources */,
				6468A9831EF320D800EB6D02 /* RCStandardCell.xib in Resources */,
				6468A9721EF3165A00EB6D02 /* Assets.xcassets in Resources */,
				6468A9701EF3165A00EB6D02 /* Main.storyboard in Resources */,
			);
			runOnlyForDeploymentPostprocessing = 0;
		};
/* End PBXResourcesBuildPhase section */

/* Begin PBXSourcesBuildPhase section */
		6468A95E1EF3165A00EB6D02 /* Sources */ = {
			isa = PBXSourcesBuildPhase;
			buildActionMask = 2147483647;
			files = (
				6468A96D1EF3165A00EB6D02 /* ViewController.m in Sources */,
				6468A9821EF320D800EB6D02 /* RCStandardCell.m in Sources */,
				6468A96A1EF3165A00EB6D02 /* AppDelegate.m in Sources */,
				6468A9671EF3165A00EB6D02 /* main.m in Sources */,
			);
			runOnlyForDeploymentPostprocessing = 0;
		};
/* End PBXSourcesBuildPhase section */

/* Begin PBXVariantGroup section */
		6468A96E1EF3165A00EB6D02 /* Main.storyboard */ = {
			isa = PBXVariantGroup;
			children = (
				6468A96F1EF3165A00EB6D02 /* Base */,
			);
			name = Main.storyboard;
			sourceTree = "<group>";
		};
		6468A9731EF3165A00EB6D02 /* LaunchScreen.storyboard */ = {
			isa = PBXVariantGroup;
			children = (
				6468A9741EF3165A00EB6D02 /* Base */,
			);
			name = LaunchScreen.storyboard;
			sourceTree = "<group>";
		};
/* End PBXVariantGroup section */

/* Begin XCBuildConfiguration section */
		6468A9771EF3165A00EB6D02 /* Debug */ = {
			isa = XCBuildConfiguration;
			buildSettings = {
				ALWAYS_SEARCH_USER_PATHS = NO;
				CLANG_ANALYZER_NONNULL = YES;
				CLANG_ANALYZER_NUMBER_OBJECT_CONVERSION = YES_AGGRESSIVE;
				CLANG_CXX_LANGUAGE_STANDARD = "gnu++0x";
				CLANG_CXX_LIBRARY = "libc++";
				CLANG_ENABLE_MODULES = YES;
				CLANG_ENABLE_OBJC_ARC = YES;
				CLANG_WARN_BOOL_CONVERSION = YES;
				CLANG_WARN_CONSTANT_CONVERSION = YES;
				CLANG_WARN_DIRECT_OBJC_ISA_USAGE = YES_ERROR;
				CLANG_WARN_DOCUMENTATION_COMMENTS = YES;
				CLANG_WARN_EMPTY_BODY = YES;
				CLANG_WARN_ENUM_CONVERSION = YES;
				CLANG_WARN_INFINITE_RECURSION = YES;
				CLANG_WARN_INT_CONVERSION = YES;
				CLANG_WARN_OBJC_ROOT_CLASS = YES_ERROR;
				CLANG_WARN_SUSPICIOUS_MOVE = YES;
				CLANG_WARN_UNREACHABLE_CODE = YES;
				CLANG_WARN__DUPLICATE_METHOD_MATCH = YES;
				"CODE_SIGN_IDENTITY[sdk=iphoneos*]" = "iPhone Developer";
				COPY_PHASE_STRIP = NO;
				DEBUG_INFORMATION_FORMAT = dwarf;
				ENABLE_STRICT_OBJC_MSGSEND = YES;
				ENABLE_TESTABILITY = YES;
				GCC_C_LANGUAGE_STANDARD = gnu99;
				GCC_DYNAMIC_NO_PIC = NO;
				GCC_NO_COMMON_BLOCKS = YES;
				GCC_OPTIMIZATION_LEVEL = 0;
				GCC_PREPROCESSOR_DEFINITIONS = (
					"DEBUG=1",
					"$(inherited)",
				);
				GCC_WARN_64_TO_32_BIT_CONVERSION = YES;
				GCC_WARN_ABOUT_RETURN_TYPE = YES_ERROR;
				GCC_WARN_UNDECLARED_SELECTOR = YES;
				GCC_WARN_UNINITIALIZED_AUTOS = YES_AGGRESSIVE;
				GCC_WARN_UNUSED_FUNCTION = YES;
				GCC_WARN_UNUSED_VARIABLE = YES;
				IPHONEOS_DEPLOYMENT_TARGET = 10.3;
				MTL_ENABLE_DEBUG_INFO = YES;
				ONLY_ACTIVE_ARCH = YES;
				SDKROOT = iphoneos;
			};
			name = Debug;
		};
		6468A9781EF3165A00EB6D02 /* Release */ = {
			isa = XCBuildConfiguration;
			buildSettings = {
				ALWAYS_SEARCH_USER_PATHS = NO;
				CLANG_ANALYZER_NONNULL = YES;
				CLANG_ANALYZER_NUMBER_OBJECT_CONVERSION = YES_AGGRESSIVE;
				CLANG_CXX_LANGUAGE_STANDARD = "gnu++0x";
				CLANG_CXX_LIBRARY = "libc++";
				CLANG_ENABLE_MODULES = YES;
				CLANG_ENABLE_OBJC_ARC = YES;
				CLANG_WARN_BOOL_CONVERSION = YES;
				CLANG_WARN_CONSTANT_CONVERSION = YES;
				CLANG_WARN_DIRECT_OBJC_ISA_USAGE = YES_ERROR;
				CLANG_WARN_DOCUMENTATION_COMMENTS = YES;
				CLANG_WARN_EMPTY_BODY = YES;
				CLANG_WARN_ENUM_CONVERSION = YES;
				CLANG_WARN_INFINITE_RECURSION = YES;
				CLANG_WARN_INT_CONVERSION = YES;
				CLANG_WARN_OBJC_ROOT_CLASS = YES_ERROR;
				CLANG_WARN_SUSPICIOUS_MOVE = YES;
				CLANG_WARN_UNREACHABLE_CODE = YES;
				CLANG_WARN__DUPLICATE_METHOD_MATCH = YES;
				"CODE_SIGN_IDENTITY[sdk=iphoneos*]" = "iPhone Developer";
				COPY_PHASE_STRIP = NO;
				DEBUG_INFORMATION_FORMAT = "dwarf-with-dsym";
				ENABLE_NS_ASSERTIONS = NO;
				ENABLE_STRICT_OBJC_MSGSEND = YES;
				GCC_C_LANGUAGE_STANDARD = gnu99;
				GCC_NO_COMMON_BLOCKS = YES;
				GCC_WARN_64_TO_32_BIT_CONVERSION = YES;
				GCC_WARN_ABOUT_RETURN_TYPE = YES_ERROR;
				GCC_WARN_UNDECLARED_SELECTOR = YES;
				GCC_WARN_UNINITIALIZED_AUTOS = YES_AGGRESSIVE;
				GCC_WARN_UNUSED_FUNCTION = YES;
				GCC_WARN_UNUSED_VARIABLE = YES;
				IPHONEOS_DEPLOYMENT_TARGET = 10.3;
				MTL_ENABLE_DEBUG_INFO = NO;
				SDKROOT = iphoneos;
				VALIDATE_PRODUCT = YES;
			};
			name = Release;
		};
		6468A97A1EF3165A00EB6D02 /* Debug */ = {
			isa = XCBuildConfiguration;
			buildSettings = {
				ASSETCATALOG_COMPILER_APPICON_NAME = AppIcon;
				INFOPLIST_FILE = RCTestProject/Info.plist;
				LD_RUNPATH_SEARCH_PATHS = "$(inherited) @executable_path/Frameworks";
				PRODUCT_BUNDLE_IDENTIFIER = com.cubik.RCTestProject;
				PRODUCT_NAME = "$(TARGET_NAME)";
			};
			name = Debug;
		};
		6468A97B1EF3165A00EB6D02 /* Release */ = {
			isa = XCBuildConfiguration;
			buildSettings = {
				ASSETCATALOG_COMPILER_APPICON_NAME = AppIcon;
				INFOPLIST_FILE = RCTestProject/Info.plist;
				LD_RUNPATH_SEARCH_PATHS = "$(inherited) @executable_path/Frameworks";
				PRODUCT_BUNDLE_IDENTIFIER = com.cubik.RCTestProject;
				PRODUCT_NAME = "$(TARGET_NAME)";
			};
			name = Release;
		};
/* End XCBuildConfiguration section */

/* Begin XCConfigurationList section */
		6468A95D1EF3165A00EB6D02 /* Build configuration list for PBXProject "RCTestProject" */ = {
			isa = XCConfigurationList;
			buildConfigurations = (
				6468A9771EF3165A00EB6D02 /* Debug */,
				6468A9781EF3165A00EB6D02 /* Release */,
			);
			defaultConfigurationIsVisible = 0;
			defaultConfigurationName = Release;
		};
		6468A9791EF3165A00EB6D02 /* Build configuration list for PBXNativeTarget "RCTestProject" */ = {
			isa = XCConfigurationList;
			buildConfigurations = (
				6468A97A1EF3165A00EB6D02 /* Debug */,
				6468A97B1EF3165A00EB6D02 /* Release */,
			);
			defaultConfigurationIsVisible = 0;
		};
/* End XCConfigurationList section */
	};
	rootObject = 6468A95A1EF3165A00EB6D02 /* Project object */;
}
